
Microsoft Visual Studio Solution File, Format Version 12.00
# Visual Studio Version 16
VisualStudioVersion = 16.0.31911.196
MinimumVisualStudioVersion = 10.0.40219.1
Project("{FAE04EC0-301F-11D3-BF4B-00C04F79EFBC}") = "Academia", "Academia\Academia.csproj", "{93419220-24C5-4BD8-9687-4E5AFC4DBADC}"
EndProject
Global
	GlobalSection(SolutionConfigurationPlatforms) = preSolution
		Debug|Any CPU = Debug|Any CPU
		Release|Any CPU = Release|Any CPU
	EndGlobalSection
	GlobalSection(ProjectConfigurationPlatforms) = postSolution
		{93419220-24C5-4BD8-9687-4E5AFC4DBADC}.Debug|Any CPU.ActiveCfg = Debug|Any CPU
		{93419220-24C5-4BD8-9687-4E5AFC4DBADC}.Debug|Any CPU.Build.0 = Debug|Any CPU
		{93419220-24C5-4BD8-9687-4E5AFC4DBADC}.Release|Any CPU.ActiveCfg = Release|Any CPU
		{93419220-24C5-4BD8-9687-4E5AFC4DBADC}.Release|Any CPU.Build.0 = Release|Any CPU
	EndGlobalSection
	GlobalSection(SolutionProperties) = preSolution
		HideSolutionNode = FALSE
	EndGlobalSection
	GlobalSection(ExtensibilityGlobals) = postSolution
		SolutionGuid = {ECA786B1-8E90-41AA-93FD-534412B09733}
	EndGlobalSection
EndGlobal
